
Microsoft Visual Studio Solution File, Format Version 12.00
# Visual Studio Version 17
VisualStudioVersion = 17.3.32929.385
MinimumVisualStudioVersion = 10.0.40219.1
Project("{9A19103F-16F7-4668-BE54-9A1E7A4F7556}") = "DocumentDbDemo", "DocumentDbDemo\DocumentDbDemo.csproj", "{A6477608-78BB-4A4E-864C-7BCFCC280540}"
EndProject
Project("{FAE04EC0-301F-11D3-BF4B-00C04F79EFBC}") = "DocumentDbDemo.Tests", "DocumentDbDemo.Tests\DocumentDbDemo.Tests.csproj", "{65CD8C47-7EF3-4C5E-B9F6-2D7C5171382B}"
EndProject
Global
	GlobalSection(SolutionConfigurationPlatforms) = preSolution
		Debug|Any CPU = Debug|Any CPU
		Release|Any CPU = Release|Any CPU
	EndGlobalSection
	GlobalSection(ProjectConfigurationPlatforms) = postSolution
		{A6477608-78BB-4A4E-864C-7BCFCC280540}.Debug|Any CPU.ActiveCfg = Debug|Any CPU
		{A6477608-78BB-4A4E-864C-7BCFCC280540}.Debug|Any CPU.Build.0 = Debug|Any CPU
		{A6477608-78BB-4A4E-864C-7BCFCC280540}.Release|Any CPU.ActiveCfg = Release|Any CPU
		{A6477608-78BB-4A4E-864C-7BCFCC280540}.Release|Any CPU.Build.0 = Release|Any CPU
		{65CD8C47-7EF3-4C5E-B9F6-2D7C5171382B}.Debug|Any CPU.ActiveCfg = Debug|Any CPU
		{65CD8C47-7EF3-4C5E-B9F6-2D7C5171382B}.Debug|Any CPU.Build.0 = Debug|Any CPU
		{65CD8C47-7EF3-4C5E-B9F6-2D7C5171382B}.Release|Any CPU.ActiveCfg = Release|Any CPU
		{65CD8C47-7EF3-4C5E-B9F6-2D7C5171382B}.Release|Any CPU.Build.0 = Release|Any CPU
	EndGlobalSection
	GlobalSection(SolutionProperties) = preSolution
		HideSolutionNode = FALSE
	EndGlobalSection
	GlobalSection(ExtensibilityGlobals) = postSolution
		SolutionGuid = {ABE00A65-3529-4EBB-945A-D019DAC0651C}
	EndGlobalSection
EndGlobal
